// !$*UTF8*$!
{
	archiveVersion = 1;
	classes = {
	};
	objectVersion = 56;
	objects = {

/* Begin PBXBuildFile section */
		BBC325172AACD00300913943 /* ucan_documentsApp.swift in Sources */ = {isa = PBXBuildFile; fileRef = BBC325162AACD00300913943 /* ucan_documentsApp.swift */; };
		BBC325192AACD00300913943 /* ucan_documentsDocument.swift in Sources */ = {isa = PBXBuildFile; fileRef = BBC325182AACD00300913943 /* ucan_documentsDocument.swift */; };
		BBC3251B2AACD00300913943 /* ContentView.swift in Sources */ = {isa = PBXBuildFile; fileRef = BBC3251A2AACD00300913943 /* ContentView.swift */; };
		BBC3251D2AACD00400913943 /* Assets.xcassets in Resources */ = {isa = PBXBuildFile; fileRef = BBC3251C2AACD00400913943 /* Assets.xcassets */; };
		BBC325202AACD00400913943 /* Preview Assets.xcassets in Resources */ = {isa = PBXBuildFile; fileRef = BBC3251F2AACD00400913943 /* Preview Assets.xcassets */; };
		BBC3252C2AACD00400913943 /* ucan_documentsTests.swift in Sources */ = {isa = PBXBuildFile; fileRef = BBC3252B2AACD00400913943 /* ucan_documentsTests.swift */; };
		BBC325362AACD00400913943 /* ucan_documentsUITests.swift in Sources */ = {isa = PBXBuildFile; fileRef = BBC325352AACD00400913943 /* ucan_documentsUITests.swift */; };
		BBC325382AACD00400913943 /* ucan_documentsUITestsLaunchTests.swift in Sources */ = {isa = PBXBuildFile; fileRef = BBC325372AACD00400913943 /* ucan_documentsUITestsLaunchTests.swift */; };
/* End PBXBuildFile section */

/* Begin PBXContainerItemProxy section */
		BBC325282AACD00400913943 /* PBXContainerItemProxy */ = {
			isa = PBXContainerItemProxy;
			containerPortal = BBC3250B2AACD00200913943 /* Project object */;
			proxyType = 1;
			remoteGlobalIDString = BBC325122AACD00200913943;
			remoteInfo = "ucan-documents";
		};
		BBC325322AACD00400913943 /* PBXContainerItemProxy */ = {
			isa = PBXContainerItemProxy;
			containerPortal = BBC3250B2AACD00200913943 /* Project object */;
			proxyType = 1;
			remoteGlobalIDString = BBC325122AACD00200913943;
			remoteInfo = "ucan-documents";
		};
/* End PBXContainerItemProxy section */

/* Begin PBXFileReference section */
		BBC325132AACD00200913943 /* ucan-documents.app */ = {isa = PBXFileReference; explicitFileType = wrapper.application; includeInIndex = 0; path = "ucan-documents.app"; sourceTree = BUILT_PRODUCTS_DIR; };
		BBC325162AACD00300913943 /* ucan_documentsApp.swift */ = {isa = PBXFileReference; lastKnownFileType = sourcecode.swift; path = ucan_documentsApp.swift; sourceTree = "<group>"; };
		BBC325182AACD00300913943 /* ucan_documentsDocument.swift */ = {isa = PBXFileReference; lastKnownFileType = sourcecode.swift; path = ucan_documentsDocument.swift; sourceTree = "<group>"; };
		BBC3251A2AACD00300913943 /* ContentView.swift */ = {isa = PBXFileReference; lastKnownFileType = sourcecode.swift; path = ContentView.swift; sourceTree = "<group>"; };
		BBC3251C2AACD00400913943 /* Assets.xcassets */ = {isa = PBXFileReference; lastKnownFileType = folder.assetcatalog; path = Assets.xcassets; sourceTree = "<group>"; };
		BBC3251F2AACD00400913943 /* Preview Assets.xcassets */ = {isa = PBXFileReference; lastKnownFileType = folder.assetcatalog; path = "Preview Assets.xcassets"; sourceTree = "<group>"; };
		BBC325212AACD00400913943 /* Info.plist */ = {isa = PBXFileReference; lastKnownFileType = text.plist.xml; path = Info.plist; sourceTree = "<group>"; };
		BBC325222AACD00400913943 /* ucan_documents.entitlements */ = {isa = PBXFileReference; lastKnownFileType = text.plist.entitlements; path = ucan_documents.entitlements; sourceTree = "<group>"; };
		BBC325272AACD00400913943 /* ucan-documentsTests.xctest */ = {isa = PBXFileReference; explicitFileType = wrapper.cfbundle; includeInIndex = 0; path = "ucan-documentsTests.xctest"; sourceTree = BUILT_PRODUCTS_DIR; };
		BBC3252B2AACD00400913943 /* ucan_documentsTests.swift */ = {isa = PBXFileReference; lastKnownFileType = sourcecode.swift; path = ucan_documentsTests.swift; sourceTree = "<group>"; };
		BBC325312AACD00400913943 /* ucan-documentsUITests.xctest */ = {isa = PBXFileReference; explicitFileType = wrapper.cfbundle; includeInIndex = 0; path = "ucan-documentsUITests.xctest"; sourceTree = BUILT_PRODUCTS_DIR; };
		BBC325352AACD00400913943 /* ucan_documentsUITests.swift */ = {isa = PBXFileReference; lastKnownFileType = sourcecode.swift; path = ucan_documentsUITests.swift; sourceTree = "<group>"; };
		BBC325372AACD00400913943 /* ucan_documentsUITestsLaunchTests.swift */ = {isa = PBXFileReference; lastKnownFileType = sourcecode.swift; path = ucan_documentsUITestsLaunchTests.swift; sourceTree = "<group>"; };
/* End PBXFileReference section */

/* Begin PBXFrameworksBuildPhase section */
		BBC325102AACD00200913943 /* Frameworks */ = {
			isa = PBXFrameworksBuildPhase;
			buildActionMask = 2147483647;
			files = (
			);
			runOnlyForDeploymentPostprocessing = 0;
		};
		BBC325242AACD00400913943 /* Frameworks */ = {
			isa = PBXFrameworksBuildPhase;
			buildActionMask = 2147483647;
			files = (
			);
			runOnlyForDeploymentPostprocessing = 0;
		};
		BBC3252E2AACD00400913943 /* Frameworks */ = {
			isa = PBXFrameworksBuildPhase;
			buildActionMask = 2147483647;
			files = (
			);
			runOnlyForDeploymentPostprocessing = 0;
		};
/* End PBXFrameworksBuildPhase section */

/* Begin PBXGroup section */
		BBC3250A2AACD00200913943 = {
			isa = PBXGroup;
			children = (
				BBC325152AACD00200913943 /* ucan-documents */,
				BBC3252A2AACD00400913943 /* ucan-documentsTests */,
				BBC325342AACD00400913943 /* ucan-documentsUITests */,
				BBC325142AACD00200913943 /* Products */,
			);
			sourceTree = "<group>";
		};
		BBC325142AACD00200913943 /* Products */ = {
			isa = PBXGroup;
			children = (
				BBC325132AACD00200913943 /* ucan-documents.app */,
				BBC325272AACD00400913943 /* ucan-documentsTests.xctest */,
				BBC325312AACD00400913943 /* ucan-documentsUITests.xctest */,
			);
			name = Products;
			sourceTree = "<group>";
		};
		BBC325152AACD00200913943 /* ucan-documents */ = {
			isa = PBXGroup;
			children = (
				BBC325162AACD00300913943 /* ucan_documentsApp.swift */,
				BBC325182AACD00300913943 /* ucan_documentsDocument.swift */,
				BBC3251A2AACD00300913943 /* ContentView.swift */,
				BBC3251C2AACD00400913943 /* Assets.xcassets */,
				BBC325212AACD00400913943 /* Info.plist */,
				BBC325222AACD00400913943 /* ucan_documents.entitlements */,
				BBC3251E2AACD00400913943 /* Preview Content */,
			);
			path = "ucan-documents";
			sourceTree = "<group>";
		};
		BBC3251E2AACD00400913943 /* Preview Content */ = {
			isa = PBXGroup;
			children = (
				BBC3251F2AACD00400913943 /* Preview Assets.xcassets */,
			);
			path = "Preview Content";
			sourceTree = "<group>";
		};
		BBC3252A2AACD00400913943 /* ucan-documentsTests */ = {
			isa = PBXGroup;
			children = (
				BBC3252B2AACD00400913943 /* ucan_documentsTests.swift */,
			);
			path = "ucan-documentsTests";
			sourceTree = "<group>";
		};
		BBC325342AACD00400913943 /* ucan-documentsUITests */ = {
			isa = PBXGroup;
			children = (
				BBC325352AACD00400913943 /* ucan_documentsUITests.swift */,
				BBC325372AACD00400913943 /* ucan_documentsUITestsLaunchTests.swift */,
			);
			path = "ucan-documentsUITests";
			sourceTree = "<group>";
		};
/* End PBXGroup section */

/* Begin PBXNativeTarget section */
		BBC325122AACD00200913943 /* ucan-documents */ = {
			isa = PBXNativeTarget;
			buildConfigurationList = BBC3253B2AACD00400913943 /* Build configuration list for PBXNativeTarget "ucan-documents" */;
			buildPhases = (
				BBC3250F2AACD00200913943 /* Sources */,
				BBC325102AACD00200913943 /* Frameworks */,
				BBC325112AACD00200913943 /* Resources */,
			);
			buildRules = (
			);
			dependencies = (
			);
			name = "ucan-documents";
			productName = "ucan-documents";
			productReference = BBC325132AACD00200913943 /* ucan-documents.app */;
			productType = "com.apple.product-type.application";
		};
		BBC325262AACD00400913943 /* ucan-documentsTests */ = {
			isa = PBXNativeTarget;
			buildConfigurationList = BBC3253E2AACD00400913943 /* Build configuration list for PBXNativeTarget "ucan-documentsTests" */;
			buildPhases = (
				BBC325232AACD00400913943 /* Sources */,
				BBC325242AACD00400913943 /* Frameworks */,
				BBC325252AACD00400913943 /* Resources */,
			);
			buildRules = (
			);
			dependencies = (
				BBC325292AACD00400913943 /* PBXTargetDependency */,
			);
			name = "ucan-documentsTests";
			productName = "ucan-documentsTests";
			productReference = BBC325272AACD00400913943 /* ucan-documentsTests.xctest */;
			productType = "com.apple.product-type.bundle.unit-test";
		};
		BBC325302AACD00400913943 /* ucan-documentsUITests */ = {
			isa = PBXNativeTarget;
			buildConfigurationList = BBC325412AACD00400913943 /* Build configuration list for PBXNativeTarget "ucan-documentsUITests" */;
			buildPhases = (
				BBC3252D2AACD00400913943 /* Sources */,
				BBC3252E2AACD00400913943 /* Frameworks */,
				BBC3252F2AACD00400913943 /* Resources */,
			);
			buildRules = (
			);
			dependencies = (
				BBC325332AACD00400913943 /* PBXTargetDependency */,
			);
			name = "ucan-documentsUITests";
			productName = "ucan-documentsUITests";
			productReference = BBC325312AACD00400913943 /* ucan-documentsUITests.xctest */;
			productType = "com.apple.product-type.bundle.ui-testing";
		};
/* End PBXNativeTarget section */

/* Begin PBXProject section */
		BBC3250B2AACD00200913943 /* Project object */ = {
			isa = PBXProject;
			attributes = {
				BuildIndependentTargetsInParallel = 1;
				LastSwiftUpdateCheck = 1430;
				LastUpgradeCheck = 1430;
				TargetAttributes = {
					BBC325122AACD00200913943 = {
						CreatedOnToolsVersion = 14.3.1;
					};
					BBC325262AACD00400913943 = {
						CreatedOnToolsVersion = 14.3.1;
						TestTargetID = BBC325122AACD00200913943;
					};
					BBC325302AACD00400913943 = {
						CreatedOnToolsVersion = 14.3.1;
						TestTargetID = BBC325122AACD00200913943;
					};
				};
			};
			buildConfigurationList = BBC3250E2AACD00200913943 /* Build configuration list for PBXProject "ucan-documents" */;
			compatibilityVersion = "Xcode 14.0";
			developmentRegion = en;
			hasScannedForEncodings = 0;
			knownRegions = (
				en,
				Base,
			);
			mainGroup = BBC3250A2AACD00200913943;
			productRefGroup = BBC325142AACD00200913943 /* Products */;
			projectDirPath = "";
			projectRoot = "";
			targets = (
				BBC325122AACD00200913943 /* ucan-documents */,
				BBC325262AACD00400913943 /* ucan-documentsTests */,
				BBC325302AACD00400913943 /* ucan-documentsUITests */,
			);
		};
/* End PBXProject section */

/* Begin PBXResourcesBuildPhase section */
		BBC325112AACD00200913943 /* Resources */ = {
			isa = PBXResourcesBuildPhase;
			buildActionMask = 2147483647;
			files = (
				BBC325202AACD00400913943 /* Preview Assets.xcassets in Resources */,
				BBC3251D2AACD00400913943 /* Assets.xcassets in Resources */,
			);
			runOnlyForDeploymentPostprocessing = 0;
		};
		BBC325252AACD00400913943 /* Resources */ = {
			isa = PBXResourcesBuildPhase;
			buildActionMask = 2147483647;
			files = (
			);
			runOnlyForDeploymentPostprocessing = 0;
		};
		BBC3252F2AACD00400913943 /* Resources */ = {
			isa = PBXResourcesBuildPhase;
			buildActionMask = 2147483647;
			files = (
			);
			runOnlyForDeploymentPostprocessing = 0;
		};
/* End PBXResourcesBuildPhase section */

/* Begin PBXSourcesBuildPhase section */
		BBC3250F2AACD00200913943 /* Sources */ = {
			isa = PBXSourcesBuildPhase;
			buildActionMask = 2147483647;
			files = (
				BBC325192AACD00300913943 /* ucan_documentsDocument.swift in Sources */,
				BBC325172AACD00300913943 /* ucan_documentsApp.swift in Sources */,
				BBC3251B2AACD00300913943 /* ContentView.swift in Sources */,
			);
			runOnlyForDeploymentPostprocessing = 0;
		};
		BBC325232AACD00400913943 /* Sources */ = {
			isa = PBXSourcesBuildPhase;
			buildActionMask = 2147483647;
			files = (
				BBC3252C2AACD00400913943 /* ucan_documentsTests.swift in Sources */,
			);
			runOnlyForDeploymentPostprocessing = 0;
		};
		BBC3252D2AACD00400913943 /* Sources */ = {
			isa = PBXSourcesBuildPhase;
			buildActionMask = 2147483647;
			files = (
				BBC325382AACD00400913943 /* ucan_documentsUITestsLaunchTests.swift in Sources */,
				BBC325362AACD00400913943 /* ucan_documentsUITests.swift in Sources */,
			);
			runOnlyForDeploymentPostprocessing = 0;
		};
/* End PBXSourcesBuildPhase section */

/* Begin PBXTargetDependency section */
		BBC325292AACD00400913943 /* PBXTargetDependency */ = {
			isa = PBXTargetDependency;
			target = BBC325122AACD00200913943 /* ucan-documents */;
			targetProxy = BBC325282AACD00400913943 /* PBXContainerItemProxy */;
		};
		BBC325332AACD00400913943 /* PBXTargetDependency */ = {
			isa = PBXTargetDependency;
			target = BBC325122AACD00200913943 /* ucan-documents */;
			targetProxy = BBC325322AACD00400913943 /* PBXContainerItemProxy */;
		};
/* End PBXTargetDependency section */

/* Begin XCBuildConfiguration section */
		BBC325392AACD00400913943 /* Debug */ = {
			isa = XCBuildConfiguration;
			buildSettings = {
				ALWAYS_SEARCH_USER_PATHS = NO;
				CLANG_ANALYZER_NONNULL = YES;
				CLANG_ANALYZER_NUMBER_OBJECT_CONVERSION = YES_AGGRESSIVE;
				CLANG_CXX_LANGUAGE_STANDARD = "gnu++20";
				CLANG_ENABLE_MODULES = YES;
				CLANG_ENABLE_OBJC_ARC = YES;
				CLANG_ENABLE_OBJC_WEAK = YES;
				CLANG_WARN_BLOCK_CAPTURE_AUTORELEASING = YES;
				CLANG_WARN_BOOL_CONVERSION = YES;
				CLANG_WARN_COMMA = YES;
				CLANG_WARN_CONSTANT_CONVERSION = YES;
				CLANG_WARN_DEPRECATED_OBJC_IMPLEMENTATIONS = YES;
				CLANG_WARN_DIRECT_OBJC_ISA_USAGE = YES_ERROR;
				CLANG_WARN_DOCUMENTATION_COMMENTS = YES;
				CLANG_WARN_EMPTY_BODY = YES;
				CLANG_WARN_ENUM_CONVERSION = YES;
				CLANG_WARN_INFINITE_RECURSION = YES;
				CLANG_WARN_INT_CONVERSION = YES;
				CLANG_WARN_NON_LITERAL_NULL_CONVERSION = YES;
				CLANG_WARN_OBJC_IMPLICIT_RETAIN_SELF = YES;
				CLANG_WARN_OBJC_LITERAL_CONVERSION = YES;
				CLANG_WARN_OBJC_ROOT_CLASS = YES_ERROR;
				CLANG_WARN_QUOTED_INCLUDE_IN_FRAMEWORK_HEADER = YES;
				CLANG_WARN_RANGE_LOOP_ANALYSIS = YES;
				CLANG_WARN_STRICT_PROTOTYPES = YES;
				CLANG_WARN_SUSPICIOUS_MOVE = YES;
				CLANG_WARN_UNGUARDED_AVAILABILITY = YES_AGGRESSIVE;
				CLANG_WARN_UNREACHABLE_CODE = YES;
				CLANG_WARN__DUPLICATE_METHOD_MATCH = YES;
				COPY_PHASE_STRIP = NO;
				DEBUG_INFORMATION_FORMAT = dwarf;
				ENABLE_STRICT_OBJC_MSGSEND = YES;
				ENABLE_TESTABILITY = YES;
				GCC_C_LANGUAGE_STANDARD = gnu11;
				GCC_DYNAMIC_NO_PIC = NO;
				GCC_NO_COMMON_BLOCKS = YES;
				GCC_OPTIMIZATION_LEVEL = 0;
				GCC_PREPROCESSOR_DEFINITIONS = (
					"DEBUG=1",
					"$(inherited)",
				);
				GCC_WARN_64_TO_32_BIT_CONVERSION = YES;
				GCC_WARN_ABOUT_RETURN_TYPE = YES_ERROR;
				GCC_WARN_UNDECLARED_SELECTOR = YES;
				GCC_WARN_UNINITIALIZED_AUTOS = YES_AGGRESSIVE;
				GCC_WARN_UNUSED_FUNCTION = YES;
				GCC_WARN_UNUSED_VARIABLE = YES;
				MACOSX_DEPLOYMENT_TARGET = 13.3;
				MTL_ENABLE_DEBUG_INFO = INCLUDE_SOURCE;
				MTL_FAST_MATH = YES;
				ONLY_ACTIVE_ARCH = YES;
				SDKROOT = macosx;
				SWIFT_ACTIVE_COMPILATION_CONDITIONS = DEBUG;
				SWIFT_OPTIMIZATION_LEVEL = "-Onone";
			};
			name = Debug;
		};
		BBC3253A2AACD00400913943 /* Release */ = {
			isa = XCBuildConfiguration;
			buildSettings = {
				ALWAYS_SEARCH_USER_PATHS = NO;
				CLANG_ANALYZER_NONNULL = YES;
				CLANG_ANALYZER_NUMBER_OBJECT_CONVERSION = YES_AGGRESSIVE;
				CLANG_CXX_LANGUAGE_STANDARD = "gnu++20";
				CLANG_ENABLE_MODULES = YES;
				CLANG_ENABLE_OBJC_ARC = YES;
				CLANG_ENABLE_OBJC_WEAK = YES;
				CLANG_WARN_BLOCK_CAPTURE_AUTORELEASING = YES;
				CLANG_WARN_BOOL_CONVERSION = YES;
				CLANG_WARN_COMMA = YES;
				CLANG_WARN_CONSTANT_CONVERSION = YES;
				CLANG_WARN_DEPRECATED_OBJC_IMPLEMENTATIONS = YES;
				CLANG_WARN_DIRECT_OBJC_ISA_USAGE = YES_ERROR;
				CLANG_WARN_DOCUMENTATION_COMMENTS = YES;
				CLANG_WARN_EMPTY_BODY = YES;
				CLANG_WARN_ENUM_CONVERSION = YES;
				CLANG_WARN_INFINITE_RECURSION = YES;
				CLANG_WARN_INT_CONVERSION = YES;
				CLANG_WARN_NON_LITERAL_NULL_CONVERSION = YES;
				CLANG_WARN_OBJC_IMPLICIT_RETAIN_SELF = YES;
				CLANG_WARN_OBJC_LITERAL_CONVERSION = YES;
				CLANG_WARN_OBJC_ROOT_CLASS = YES_ERROR;
				CLANG_WARN_QUOTED_INCLUDE_IN_FRAMEWORK_HEADER = YES;
				CLANG_WARN_RANGE_LOOP_ANALYSIS = YES;
				CLANG_WARN_STRICT_PROTOTYPES = YES;
				CLANG_WARN_SUSPICIOUS_MOVE = YES;
				CLANG_WARN_UNGUARDED_AVAILABILITY = YES_AGGRESSIVE;
				CLANG_WARN_UNREACHABLE_CODE = YES;
				CLANG_WARN__DUPLICATE_METHOD_MATCH = YES;
				COPY_PHASE_STRIP = NO;
				DEBUG_INFORMATION_FORMAT = "dwarf-with-dsym";
				ENABLE_NS_ASSERTIONS = NO;
				ENABLE_STRICT_OBJC_MSGSEND = YES;
				GCC_C_LANGUAGE_STANDARD = gnu11;
				GCC_NO_COMMON_BLOCKS = YES;
				GCC_WARN_64_TO_32_BIT_CONVERSION = YES;
				GCC_WARN_ABOUT_RETURN_TYPE = YES_ERROR;
				GCC_WARN_UNDECLARED_SELECTOR = YES;
				GCC_WARN_UNINITIALIZED_AUTOS = YES_AGGRESSIVE;
				GCC_WARN_UNUSED_FUNCTION = YES;
				GCC_WARN_UNUSED_VARIABLE = YES;
				MACOSX_DEPLOYMENT_TARGET = 13.3;
				MTL_ENABLE_DEBUG_INFO = NO;
				MTL_FAST_MATH = YES;
				SDKROOT = macosx;
				SWIFT_COMPILATION_MODE = wholemodule;
				SWIFT_OPTIMIZATION_LEVEL = "-O";
			};
			name = Release;
		};
		BBC3253C2AACD00400913943 /* Debug */ = {
			isa = XCBuildConfiguration;
			buildSettings = {
				ASSETCATALOG_COMPILER_APPICON_NAME = AppIcon;
				ASSETCATALOG_COMPILER_GLOBAL_ACCENT_COLOR_NAME = AccentColor;
				CODE_SIGN_ENTITLEMENTS = "ucan-documents/ucan_documents.entitlements";
				CODE_SIGN_STYLE = Automatic;
				COMBINE_HIDPI_IMAGES = YES;
				CURRENT_PROJECT_VERSION = 1;
				DEVELOPMENT_ASSET_PATHS = "\"ucan-documents/Preview Content\"";
				ENABLE_PREVIEWS = YES;
				GENERATE_INFOPLIST_FILE = YES;
				INFOPLIST_FILE = "ucan-documents/Info.plist";
				INFOPLIST_KEY_NSHumanReadableCopyright = "";
				LD_RUNPATH_SEARCH_PATHS = (
					"$(inherited)",
					"@executable_path/../Frameworks",
				);
				MARKETING_VERSION = 1.0;
				PRODUCT_BUNDLE_IDENTIFIER = "ninmbs.studio.ucan-documents";
				PRODUCT_NAME = "$(TARGET_NAME)";
				SWIFT_EMIT_LOC_STRINGS = YES;
				SWIFT_VERSION = 5.0;
			};
			name = Debug;
		};
		BBC3253D2AACD00400913943 /* Release */ = {
			isa = XCBuildConfiguration;
			buildSettings = {
				ASSETCATALOG_COMPILER_APPICON_NAME = AppIcon;
				ASSETCATALOG_COMPILER_GLOBAL_ACCENT_COLOR_NAME = AccentColor;
				CODE_SIGN_ENTITLEMENTS = "ucan-documents/ucan_documents.entitlements";
				CODE_SIGN_STYLE = Automatic;
				COMBINE_HIDPI_IMAGES = YES;
				CURRENT_PROJECT_VERSION = 1;
				DEVELOPMENT_ASSET_PATHS = "\"ucan-documents/Preview Content\"";
				ENABLE_PREVIEWS = YES;
				GENERATE_INFOPLIST_FILE = YES;
				INFOPLIST_FILE = "ucan-documents/Info.plist";
				INFOPLIST_KEY_NSHumanReadableCopyright = "";
				LD_RUNPATH_SEARCH_PATHS = (
					"$(inherited)",
					"@executable_path/../Frameworks",
				);
				MARKETING_VERSION = 1.0;
				PRODUCT_BUNDLE_IDENTIFIER = "ninmbs.studio.ucan-documents";
				PRODUCT_NAME = "$(TARGET_NAME)";
				SWIFT_EMIT_LOC_STRINGS = YES;
				SWIFT_VERSION = 5.0;
			};
			name = Release;
		};
		BBC3253F2AACD00400913943 /* Debug */ = {
			isa = XCBuildConfiguration;
			buildSettings = {
				ALWAYS_EMBED_SWIFT_STANDARD_LIBRARIES = YES;
				BUNDLE_LOADER = "$(TEST_HOST)";
				CODE_SIGN_STYLE = Automatic;
				CURRENT_PROJECT_VERSION = 1;
				GENERATE_INFOPLIST_FILE = YES;
				MACOSX_DEPLOYMENT_TARGET = 13.3;
				MARKETING_VERSION = 1.0;
				PRODUCT_BUNDLE_IDENTIFIER = "ninmbs.studio.ucan-documentsTests";
				PRODUCT_NAME = "$(TARGET_NAME)";
				SWIFT_EMIT_LOC_STRINGS = NO;
				SWIFT_VERSION = 5.0;
				TEST_HOST = "$(BUILT_PRODUCTS_DIR)/ucan-documents.app/$(BUNDLE_EXECUTABLE_FOLDER_PATH)/ucan-documents";
			};
			name = Debug;
		};
		BBC325402AACD00400913943 /* Release */ = {
			isa = XCBuildConfiguration;
			buildSettings = {
				ALWAYS_EMBED_SWIFT_STANDARD_LIBRARIES = YES;
				BUNDLE_LOADER = "$(TEST_HOST)";
				CODE_SIGN_STYLE = Automatic;
				CURRENT_PROJECT_VERSION = 1;
				GENERATE_INFOPLIST_FILE = YES;
				MACOSX_DEPLOYMENT_TARGET = 13.3;
				MARKETING_VERSION = 1.0;
				PRODUCT_BUNDLE_IDENTIFIER = "ninmbs.studio.ucan-documentsTests";
				PRODUCT_NAME = "$(TARGET_NAME)";
				SWIFT_EMIT_LOC_STRINGS = NO;
				SWIFT_VERSION = 5.0;
				TEST_HOST = "$(BUILT_PRODUCTS_DIR)/ucan-documents.app/$(BUNDLE_EXECUTABLE_FOLDER_PATH)/ucan-documents";
			};
			name = Release;
		};
		BBC325422AACD00400913943 /* Debug */ = {
			isa = XCBuildConfiguration;
			buildSettings = {
				ALWAYS_EMBED_SWIFT_STANDARD_LIBRARIES = YES;
				CODE_SIGN_STYLE = Automatic;
				CURRENT_PROJECT_VERSION = 1;
				GENERATE_INFOPLIST_FILE = YES;
				MARKETING_VERSION = 1.0;
				PRODUCT_BUNDLE_IDENTIFIER = "ninmbs.studio.ucan-documentsUITests";
				PRODUCT_NAME = "$(TARGET_NAME)";
				SWIFT_EMIT_LOC_STRINGS = NO;
				SWIFT_VERSION = 5.0;
				TEST_TARGET_NAME = "ucan-documents";
			};
			name = Debug;
		};
		BBC325432AACD00400913943 /* Release */ = {
			isa = XCBuildConfiguration;
			buildSettings = {
				ALWAYS_EMBED_SWIFT_STANDARD_LIBRARIES = YES;
				CODE_SIGN_STYLE = Automatic;
				CURRENT_PROJECT_VERSION = 1;
				GENERATE_INFOPLIST_FILE = YES;
				MARKETING_VERSION = 1.0;
				PRODUCT_BUNDLE_IDENTIFIER = "ninmbs.studio.ucan-documentsUITests";
				PRODUCT_NAME = "$(TARGET_NAME)";
				SWIFT_EMIT_LOC_STRINGS = NO;
				SWIFT_VERSION = 5.0;
				TEST_TARGET_NAME = "ucan-documents";
			};
			name = Release;
		};
/* End XCBuildConfiguration section */

/* Begin XCConfigurationList section */
		BBC3250E2AACD00200913943 /* Build configuration list for PBXProject "ucan-documents" */ = {
			isa = XCConfigurationList;
			buildConfigurations = (
				BBC325392AACD00400913943 /* Debug */,
				BBC3253A2AACD00400913943 /* Release */,
			);
			defaultConfigurationIsVisible = 0;
			defaultConfigurationName = Release;
		};
		BBC3253B2AACD00400913943 /* Build configuration list for PBXNativeTarget "ucan-documents" */ = {
			isa = XCConfigurationList;
			buildConfigurations = (
				BBC3253C2AACD00400913943 /* Debug */,
				BBC3253D2AACD00400913943 /* Release */,
			);
			defaultConfigurationIsVisible = 0;
			defaultConfigurationName = Release;
		};
		BBC3253E2AACD00400913943 /* Build configuration list for PBXNativeTarget "ucan-documentsTests" */ = {
			isa = XCConfigurationList;
			buildConfigurations = (
				BBC3253F2AACD00400913943 /* Debug */,
				BBC325402AACD00400913943 /* Release */,
			);
			defaultConfigurationIsVisible = 0;
			defaultConfigurationName = Release;
		};
		BBC325412AACD00400913943 /* Build configuration list for PBXNativeTarget "ucan-documentsUITests" */ = {
			isa = XCConfigurationList;
			buildConfigurations = (
				BBC325422AACD00400913943 /* Debug */,
				BBC325432AACD00400913943 /* Release */,
			);
			defaultConfigurationIsVisible = 0;
			defaultConfigurationName = Release;
		};
/* End XCConfigurationList section */
	};
	rootObject = BBC3250B2AACD00200913943 /* Project object */;
}
